
Microsoft Visual Studio Solution File, Format Version 12.00
# Visual Studio Version 17
VisualStudioVersion = 17.1.32210.238
MinimumVisualStudioVersion = 10.0.40219.1
Project("{FAE04EC0-301F-11D3-BF4B-00C04F79EFBC}") = "TestAutomationBC1", "TestAutomationBC1\TestAutomationBC1.csproj", "{40BC8751-A0A7-4A4F-B44B-995462203797}"
EndProject
Global
	GlobalSection(SolutionConfigurationPlatforms) = preSolution
		Debug|Any CPU = Debug|Any CPU
		Release|Any CPU = Release|Any CPU
	EndGlobalSection
	GlobalSection(ProjectConfigurationPlatforms) = postSolution
		{40BC8751-A0A7-4A4F-B44B-995462203797}.Debug|Any CPU.ActiveCfg = Debug|Any CPU
		{40BC8751-A0A7-4A4F-B44B-995462203797}.Debug|Any CPU.Build.0 = Debug|Any CPU
		{40BC8751-A0A7-4A4F-B44B-995462203797}.Release|Any CPU.ActiveCfg = Release|Any CPU
		{40BC8751-A0A7-4A4F-B44B-995462203797}.Release|Any CPU.Build.0 = Release|Any CPU
	EndGlobalSection
	GlobalSection(SolutionProperties) = preSolution
		HideSolutionNode = FALSE
	EndGlobalSection
	GlobalSection(ExtensibilityGlobals) = postSolution
		SolutionGuid = {3210B11E-9641-4113-8557-7980CA83493C}
	EndGlobalSection
EndGlobal
